
Microsoft Visual Studio Solution File, Format Version 12.00
# Visual Studio Version 16
VisualStudioVersion = 16.0.29306.81
MinimumVisualStudioVersion = 10.0.40219.1
Project("{FAE04EC0-301F-11D3-BF4B-00C04F79EFBC}") = "WindowsFormsApp1", "WindowsFormsApp1\WindowsFormsApp1.csproj", "{55D5BA66-2E0D-48EF-A52B-C15A4733B329}"
EndProject
Global
	GlobalSection(SolutionConfigurationPlatforms) = preSolution
		Debug|Any CPU = Debug|Any CPU
		Release|Any CPU = Release|Any CPU
	EndGlobalSection
	GlobalSection(ProjectConfigurationPlatforms) = postSolution
		{55D5BA66-2E0D-48EF-A52B-C15A4733B329}.Debug|Any CPU.ActiveCfg = Debug|Any CPU
		{55D5BA66-2E0D-48EF-A52B-C15A4733B329}.Debug|Any CPU.Build.0 = Debug|Any CPU
		{55D5BA66-2E0D-48EF-A52B-C15A4733B329}.Release|Any CPU.ActiveCfg = Release|Any CPU
		{55D5BA66-2E0D-48EF-A52B-C15A4733B329}.Release|Any CPU.Build.0 = Release|Any CPU
	EndGlobalSection
	GlobalSection(SolutionProperties) = preSolution
		HideSolutionNode = FALSE
	EndGlobalSection
	GlobalSection(ExtensibilityGlobals) = postSolution
		SolutionGuid = {2A7C56A0-97F8-4A55-AEC3-1F2DB675D39D}
	EndGlobalSection
EndGlobal
